{
  "name": "player",
  "version": "1.0.0",
  "lockfileVersion": 2,
  "requires": true,
  "packages": {
    "": {
      "name": "player",
      "version": "1.0.0",
      "license": "ISC",
      "dependencies": {
        "media-chrome": "^0.4.0"
      },
      "devDependencies": {}
    },
    "node_modules/media-chrome": {
      "version": "0.4.0",
      "resolved": "https://registry.npmjs.org/media-chrome/-/media-chrome-0.4.0.tgz",
      "integrity": "sha512-kij/oQ4oC0ArnPooHrHumcqM5njL99wAngG9Ody54rWY5renZ3z+hGcsev9nd49j9I1bLaPcNwIU2+gdwBd2rQ=="
    }
  },
  "dependencies": {
    "media-chrome": {
      "version": "0.4.0",
      "resolved": "https://registry.npmjs.org/media-chrome/-/media-chrome-0.4.0.tgz",
      "integrity": "sha512-kij/oQ4oC0ArnPooHrHumcqM5njL99wAngG9Ody54rWY5renZ3z+hGcsev9nd49j9I1bLaPcNwIU2+gdwBd2rQ=="
    }
  }
}
